
Microsoft Visual Studio Solution File, Format Version 12.00
# Visual Studio Version 17
VisualStudioVersion = 17.2.32616.157
MinimumVisualStudioVersion = 10.0.40219.1
Project("{FAE04EC0-301F-11D3-BF4B-00C04F79EFBC}") = "ConsoleApp1", "ConsoleApp1\ConsoleApp1.csproj", "{BE2E22AF-8606-41E9-AD70-5A29DA52604D}"
EndProject
Global
	GlobalSection(SolutionConfigurationPlatforms) = preSolution
		Debug|Any CPU = Debug|Any CPU
		Release|Any CPU = Release|Any CPU
	EndGlobalSection
	GlobalSection(ProjectConfigurationPlatforms) = postSolution
		{BE2E22AF-8606-41E9-AD70-5A29DA52604D}.Debug|Any CPU.ActiveCfg = Debug|Any CPU
		{BE2E22AF-8606-41E9-AD70-5A29DA52604D}.Debug|Any CPU.Build.0 = Debug|Any CPU
		{BE2E22AF-8606-41E9-AD70-5A29DA52604D}.Release|Any CPU.ActiveCfg = Release|Any CPU
		{BE2E22AF-8606-41E9-AD70-5A29DA52604D}.Release|Any CPU.Build.0 = Release|Any CPU
	EndGlobalSection
	GlobalSection(SolutionProperties) = preSolution
		HideSolutionNode = FALSE
	EndGlobalSection
	GlobalSection(ExtensibilityGlobals) = postSolution
		SolutionGuid = {07A89DB2-0E91-403C-B74A-1DCC5E733D64}
	EndGlobalSection
EndGlobal
